// !$*UTF8*$!
{
	archiveVersion = 1;
	classes = {
	};
	objectVersion = 56;
	objects = {

/* Begin PBXBuildFile section */
		1753901D2BE9CE6B001E089E /* Assets.xcassets in Sources */ = {isa = PBXBuildFile; fileRef = 17977F882BE72A5E000AD076 /* Assets.xcassets */; };
		1753901E2BE9CE6B001E089E /* Extensions.swift in Sources */ = {isa = PBXBuildFile; fileRef = 17538FFE2BE9BAE9001E089E /* Extensions.swift */; };
		1753901F2BE9CE6B001E089E /* ToDoItem.swift in Sources */ = {isa = PBXBuildFile; fileRef = 17977FA62BE73007000AD076 /* ToDoItem.swift */; };
		175390222BE9CE6B001E089E /* NewItemsViewVM.swift in Sources */ = {isa = PBXBuildFile; fileRef = 17977FAC2BE7307D000AD076 /* NewItemsViewVM.swift */; };
		175390242BE9CE6B001E089E /* ToDoListViewVM.swift in Sources */ = {isa = PBXBuildFile; fileRef = 17DE9AA92BE81C8900110FCF /* ToDoListViewVM.swift */; };
		175390252BE9CE6B001E089E /* ContentView.swift in Sources */ = {isa = PBXBuildFile; fileRef = 17977F862BE72A5D000AD076 /* ContentView.swift */; };
		175390262BE9CE6B001E089E /* NewItemVIew.swift in Sources */ = {isa = PBXBuildFile; fileRef = 17977FA22BE72EF3000AD076 /* NewItemVIew.swift */; };
		175390282BE9CE6B001E089E /* ToDoApp.swift in Sources */ = {isa = PBXBuildFile; fileRef = 17DE9AA72BE81C8000110FCF /* ToDoApp.swift */; };
		175390292BE9CE6B001E089E /* TLButton.swift in Sources */ = {isa = PBXBuildFile; fileRef = 175390022BE9CBDA001E089E /* TLButton.swift */; };
		1753902A2BE9CE6B001E089E /* Preview Assets.xcassets in Sources */ = {isa = PBXBuildFile; fileRef = 17977F8B2BE72A5E000AD076 /* Preview Assets.xcassets */; };
		17D7BC922BEC00990068D2F6 /* ToDoItemVIew.swift in Sources */ = {isa = PBXBuildFile; fileRef = 17D7BC912BEC00990068D2F6 /* ToDoItemVIew.swift */; };
/* End PBXBuildFile section */

/* Begin PBXFileReference section */
		17538FFE2BE9BAE9001E089E /* Extensions.swift */ = {isa = PBXFileReference; lastKnownFileType = sourcecode.swift; path = Extensions.swift; sourceTree = "<group>"; };
		175390022BE9CBDA001E089E /* TLButton.swift */ = {isa = PBXFileReference; lastKnownFileType = sourcecode.swift; path = TLButton.swift; sourceTree = "<group>"; };
		175390082BE9CCDB001E089E /* toDoApp.app */ = {isa = PBXFileReference; explicitFileType = wrapper.application; includeInIndex = 0; path = toDoApp.app; sourceTree = BUILT_PRODUCTS_DIR; };
		17977F862BE72A5D000AD076 /* ContentView.swift */ = {isa = PBXFileReference; lastKnownFileType = sourcecode.swift; path = ContentView.swift; sourceTree = "<group>"; };
		17977F882BE72A5E000AD076 /* Assets.xcassets */ = {isa = PBXFileReference; lastKnownFileType = folder.assetcatalog; path = Assets.xcassets; sourceTree = "<group>"; };
		17977F8B2BE72A5E000AD076 /* Preview Assets.xcassets */ = {isa = PBXFileReference; lastKnownFileType = folder.assetcatalog; path = "Preview Assets.xcassets"; sourceTree = "<group>"; };
		17977FA22BE72EF3000AD076 /* NewItemVIew.swift */ = {isa = PBXFileReference; lastKnownFileType = sourcecode.swift; path = NewItemVIew.swift; sourceTree = "<group>"; };
		17977FA62BE73007000AD076 /* ToDoItem.swift */ = {isa = PBXFileReference; lastKnownFileType = sourcecode.swift; path = ToDoItem.swift; sourceTree = "<group>"; };
		17977FAC2BE7307D000AD076 /* NewItemsViewVM.swift */ = {isa = PBXFileReference; lastKnownFileType = sourcecode.swift; path = NewItemsViewVM.swift; sourceTree = "<group>"; };
		17D7BC912BEC00990068D2F6 /* ToDoItemVIew.swift */ = {isa = PBXFileReference; lastKnownFileType = sourcecode.swift; path = ToDoItemVIew.swift; sourceTree = "<group>"; };
		17DE9AA72BE81C8000110FCF /* ToDoApp.swift */ = {isa = PBXFileReference; lastKnownFileType = sourcecode.swift; path = ToDoApp.swift; sourceTree = "<group>"; };
		17DE9AA92BE81C8900110FCF /* ToDoListViewVM.swift */ = {isa = PBXFileReference; lastKnownFileType = sourcecode.swift; path = ToDoListViewVM.swift; sourceTree = "<group>"; };
/* End PBXFileReference section */

/* Begin PBXFrameworksBuildPhase section */
		175390052BE9CCDB001E089E /* Frameworks */ = {
			isa = PBXFrameworksBuildPhase;
			buildActionMask = 2147483647;
			files = (
			);
			runOnlyForDeploymentPostprocessing = 0;
		};
/* End PBXFrameworksBuildPhase section */

/* Begin PBXGroup section */
		17977F782BE72A5D000AD076 = {
			isa = PBXGroup;
			children = (
				17977F832BE72A5D000AD076 /* toDoApp */,
				17977F822BE72A5D000AD076 /* Products */,
			);
			sourceTree = "<group>";
		};
		17977F822BE72A5D000AD076 /* Products */ = {
			isa = PBXGroup;
			children = (
				175390082BE9CCDB001E089E /* toDoApp.app */,
			);
			name = Products;
			sourceTree = "<group>";
		};
		17977F832BE72A5D000AD076 /* toDoApp */ = {
			isa = PBXGroup;
			children = (
				17977F9A2BE72CCF000AD076 /* Other */,
				17977F992BE72CCC000AD076 /* Models */,
				17977F982BE72CA7000AD076 /* ViewModels */,
				17977F972BE72C84000AD076 /* Views */,
				17977F8A2BE72A5E000AD076 /* Preview Content */,
			);
			path = toDoApp;
			sourceTree = "<group>";
		};
		17977F8A2BE72A5E000AD076 /* Preview Content */ = {
			isa = PBXGroup;
			children = (
				17977F8B2BE72A5E000AD076 /* Preview Assets.xcassets */,
			);
			path = "Preview Content";
			sourceTree = "<group>";
		};
		17977F972BE72C84000AD076 /* Views */ = {
			isa = PBXGroup;
			children = (
				17977F862BE72A5D000AD076 /* ContentView.swift */,
				17977FA22BE72EF3000AD076 /* NewItemVIew.swift */,
				17DE9AA72BE81C8000110FCF /* ToDoApp.swift */,
				17D7BC912BEC00990068D2F6 /* ToDoItemVIew.swift */,
				175390022BE9CBDA001E089E /* TLButton.swift */,
			);
			path = Views;
			sourceTree = "<group>";
		};
		17977F982BE72CA7000AD076 /* ViewModels */ = {
			isa = PBXGroup;
			children = (
				17977FAC2BE7307D000AD076 /* NewItemsViewVM.swift */,
				17DE9AA92BE81C8900110FCF /* ToDoListViewVM.swift */,
			);
			path = ViewModels;
			sourceTree = "<group>";
		};
		17977F992BE72CCC000AD076 /* Models */ = {
			isa = PBXGroup;
			children = (
				17977FA62BE73007000AD076 /* ToDoItem.swift */,
			);
			path = Models;
			sourceTree = "<group>";
		};
		17977F9A2BE72CCF000AD076 /* Other */ = {
			isa = PBXGroup;
			children = (
				17977F882BE72A5E000AD076 /* Assets.xcassets */,
				17538FFE2BE9BAE9001E089E /* Extensions.swift */,
			);
			path = Other;
			sourceTree = "<group>";
		};
/* End PBXGroup section */

/* Begin PBXNativeTarget section */
		175390072BE9CCDB001E089E /* toDoApp */ = {
			isa = PBXNativeTarget;
			buildConfigurationList = 175390132BE9CCDD001E089E /* Build configuration list for PBXNativeTarget "toDoApp" */;
			buildPhases = (
				175390042BE9CCDB001E089E /* Sources */,
				175390052BE9CCDB001E089E /* Frameworks */,
				175390062BE9CCDB001E089E /* Resources */,
			);
			buildRules = (
			);
			dependencies = (
			);
			name = toDoApp;
			packageProductDependencies = (
			);
			productName = toDoApp;
			productReference = 175390082BE9CCDB001E089E /* toDoApp.app */;
			productType = "com.apple.product-type.application";
		};
/* End PBXNativeTarget section */

/* Begin PBXProject section */
		17977F792BE72A5D000AD076 /* Project object */ = {
			isa = PBXProject;
			attributes = {
				BuildIndependentTargetsInParallel = 1;
				LastSwiftUpdateCheck = 1530;
				LastUpgradeCheck = 1530;
				TargetAttributes = {
					175390072BE9CCDB001E089E = {
						CreatedOnToolsVersion = 15.3;
					};
				};
			};
			buildConfigurationList = 17977F7C2BE72A5D000AD076 /* Build configuration list for PBXProject "toDoApp" */;
			compatibilityVersion = "Xcode 14.0";
			developmentRegion = en;
			hasScannedForEncodings = 0;
			knownRegions = (
				en,
				Base,
			);
			mainGroup = 17977F782BE72A5D000AD076;
			packageReferences = (
			);
			productRefGroup = 17977F822BE72A5D000AD076 /* Products */;
			projectDirPath = "";
			projectRoot = "";
			targets = (
				175390072BE9CCDB001E089E /* toDoApp */,
			);
		};
/* End PBXProject section */

/* Begin PBXResourcesBuildPhase section */
		175390062BE9CCDB001E089E /* Resources */ = {
			isa = PBXResourcesBuildPhase;
			buildActionMask = 2147483647;
			files = (
			);
			runOnlyForDeploymentPostprocessing = 0;
		};
/* End PBXResourcesBuildPhase section */

/* Begin PBXSourcesBuildPhase section */
		175390042BE9CCDB001E089E /* Sources */ = {
			isa = PBXSourcesBuildPhase;
			buildActionMask = 2147483647;
			files = (
				1753901D2BE9CE6B001E089E /* Assets.xcassets in Sources */,
				17D7BC922BEC00990068D2F6 /* ToDoItemVIew.swift in Sources */,
				1753901E2BE9CE6B001E089E /* Extensions.swift in Sources */,
				1753901F2BE9CE6B001E089E /* ToDoItem.swift in Sources */,
				175390222BE9CE6B001E089E /* NewItemsViewVM.swift in Sources */,
				175390242BE9CE6B001E089E /* ToDoListViewVM.swift in Sources */,
				175390252BE9CE6B001E089E /* ContentView.swift in Sources */,
				175390262BE9CE6B001E089E /* NewItemVIew.swift in Sources */,
				175390282BE9CE6B001E089E /* ToDoApp.swift in Sources */,
				175390292BE9CE6B001E089E /* TLButton.swift in Sources */,
				1753902A2BE9CE6B001E089E /* Preview Assets.xcassets in Sources */,
			);
			runOnlyForDeploymentPostprocessing = 0;
		};
/* End PBXSourcesBuildPhase section */

/* Begin XCBuildConfiguration section */
		175390142BE9CCDD001E089E /* Debug */ = {
			isa = XCBuildConfiguration;
			buildSettings = {
				ASSETCATALOG_COMPILER_APPICON_NAME = AppIcon;
				ASSETCATALOG_COMPILER_GLOBAL_ACCENT_COLOR_NAME = AccentColor;
				CODE_SIGN_STYLE = Automatic;
				CURRENT_PROJECT_VERSION = 1;
				DEVELOPMENT_ASSET_PATHS = "\"toDoApp/Preview Content\"";
				DEVELOPMENT_TEAM = C7YPC54K5R;
				ENABLE_PREVIEWS = YES;
				GENERATE_INFOPLIST_FILE = YES;
				INFOPLIST_KEY_UIApplicationSceneManifest_Generation = YES;
				INFOPLIST_KEY_UIApplicationSupportsIndirectInputEvents = YES;
				INFOPLIST_KEY_UILaunchScreen_Generation = YES;
				INFOPLIST_KEY_UISupportedInterfaceOrientations_iPad = "UIInterfaceOrientationPortrait UIInterfaceOrientationPortraitUpsideDown UIInterfaceOrientationLandscapeLeft UIInterfaceOrientationLandscapeRight";
				INFOPLIST_KEY_UISupportedInterfaceOrientations_iPhone = "UIInterfaceOrientationPortrait UIInterfaceOrientationLandscapeLeft UIInterfaceOrientationLandscapeRight";
				LD_RUNPATH_SEARCH_PATHS = (
					"$(inherited)",
					"@executable_path/Frameworks",
				);
				MARKETING_VERSION = 1.0;
				PRODUCT_BUNDLE_IDENTIFIER = ariishaat.toDoApp;
				PRODUCT_NAME = "$(TARGET_NAME)";
				SWIFT_EMIT_LOC_STRINGS = YES;
				SWIFT_VERSION = 5.0;
				TARGETED_DEVICE_FAMILY = "1,2";
			};
			name = Debug;
		};
		175390152BE9CCDD001E089E /* Release */ = {
			isa = XCBuildConfiguration;
			buildSettings = {
				ASSETCATALOG_COMPILER_APPICON_NAME = AppIcon;
				ASSETCATALOG_COMPILER_GLOBAL_ACCENT_COLOR_NAME = AccentColor;
				CODE_SIGN_STYLE = Automatic;
				CURRENT_PROJECT_VERSION = 1;
				DEVELOPMENT_ASSET_PATHS = "\"toDoApp/Preview Content\"";
				DEVELOPMENT_TEAM = C7YPC54K5R;
				ENABLE_PREVIEWS = YES;
				GENERATE_INFOPLIST_FILE = YES;
				INFOPLIST_KEY_UIApplicationSceneManifest_Generation = YES;
				INFOPLIST_KEY_UIApplicationSupportsIndirectInputEvents = YES;
				INFOPLIST_KEY_UILaunchScreen_Generation = YES;
				INFOPLIST_KEY_UISupportedInterfaceOrientations_iPad = "UIInterfaceOrientationPortrait UIInterfaceOrientationPortraitUpsideDown UIInterfaceOrientationLandscapeLeft UIInterfaceOrientationLandscapeRight";
				INFOPLIST_KEY_UISupportedInterfaceOrientations_iPhone = "UIInterfaceOrientationPortrait UIInterfaceOrientationLandscapeLeft UIInterfaceOrientationLandscapeRight";
				LD_RUNPATH_SEARCH_PATHS = (
					"$(inherited)",
					"@executable_path/Frameworks",
				);
				MARKETING_VERSION = 1.0;
				PRODUCT_BUNDLE_IDENTIFIER = ariishaat.toDoApp;
				PRODUCT_NAME = "$(TARGET_NAME)";
				SWIFT_EMIT_LOC_STRINGS = YES;
				SWIFT_VERSION = 5.0;
				TARGETED_DEVICE_FAMILY = "1,2";
			};
			name = Release;
		};
		17977F8D2BE72A5E000AD076 /* Debug */ = {
			isa = XCBuildConfiguration;
			buildSettings = {
				ALWAYS_SEARCH_USER_PATHS = NO;
				ASSETCATALOG_COMPILER_GENERATE_SWIFT_ASSET_SYMBOL_EXTENSIONS = YES;
				CLANG_ANALYZER_NONNULL = YES;
				CLANG_ANALYZER_NUMBER_OBJECT_CONVERSION = YES_AGGRESSIVE;
				CLANG_CXX_LANGUAGE_STANDARD = "gnu++20";
				CLANG_ENABLE_MODULES = YES;
				CLANG_ENABLE_OBJC_ARC = YES;
				CLANG_ENABLE_OBJC_WEAK = YES;
				CLANG_WARN_BLOCK_CAPTURE_AUTORELEASING = YES;
				CLANG_WARN_BOOL_CONVERSION = YES;
				CLANG_WARN_COMMA = YES;
				CLANG_WARN_CONSTANT_CONVERSION = YES;
				CLANG_WARN_DEPRECATED_OBJC_IMPLEMENTATIONS = YES;
				CLANG_WARN_DIRECT_OBJC_ISA_USAGE = YES_ERROR;
				CLANG_WARN_DOCUMENTATION_COMMENTS = YES;
				CLANG_WARN_EMPTY_BODY = YES;
				CLANG_WARN_ENUM_CONVERSION = YES;
				CLANG_WARN_INFINITE_RECURSION = YES;
				CLANG_WARN_INT_CONVERSION = YES;
				CLANG_WARN_NON_LITERAL_NULL_CONVERSION = YES;
				CLANG_WARN_OBJC_IMPLICIT_RETAIN_SELF = YES;
				CLANG_WARN_OBJC_LITERAL_CONVERSION = YES;
				CLANG_WARN_OBJC_ROOT_CLASS = YES_ERROR;
				CLANG_WARN_QUOTED_INCLUDE_IN_FRAMEWORK_HEADER = YES;
				CLANG_WARN_RANGE_LOOP_ANALYSIS = YES;
				CLANG_WARN_STRICT_PROTOTYPES = YES;
				CLANG_WARN_SUSPICIOUS_MOVE = YES;
				CLANG_WARN_UNGUARDED_AVAILABILITY = YES_AGGRESSIVE;
				CLANG_WARN_UNREACHABLE_CODE = YES;
				CLANG_WARN__DUPLICATE_METHOD_MATCH = YES;
				COPY_PHASE_STRIP = NO;
				DEBUG_INFORMATION_FORMAT = dwarf;
				ENABLE_STRICT_OBJC_MSGSEND = YES;
				ENABLE_TESTABILITY = YES;
				ENABLE_USER_SCRIPT_SANDBOXING = YES;
				GCC_C_LANGUAGE_STANDARD = gnu17;
				GCC_DYNAMIC_NO_PIC = NO;
				GCC_NO_COMMON_BLOCKS = YES;
				GCC_OPTIMIZATION_LEVEL = 0;
				GCC_PREPROCESSOR_DEFINITIONS = (
					"DEBUG=1",
					"$(inherited)",
				);
				GCC_WARN_64_TO_32_BIT_CONVERSION = YES;
				GCC_WARN_ABOUT_RETURN_TYPE = YES_ERROR;
				GCC_WARN_UNDECLARED_SELECTOR = YES;
				GCC_WARN_UNINITIALIZED_AUTOS = YES_AGGRESSIVE;
				GCC_WARN_UNUSED_FUNCTION = YES;
				GCC_WARN_UNUSED_VARIABLE = YES;
				IPHONEOS_DEPLOYMENT_TARGET = 17.4;
				LOCALIZATION_PREFERS_STRING_CATALOGS = YES;
				MTL_ENABLE_DEBUG_INFO = INCLUDE_SOURCE;
				MTL_FAST_MATH = YES;
				ONLY_ACTIVE_ARCH = YES;
				SDKROOT = iphoneos;
				SWIFT_ACTIVE_COMPILATION_CONDITIONS = "DEBUG $(inherited)";
				SWIFT_OPTIMIZATION_LEVEL = "-Onone";
			};
			name = Debug;
		};
		17977F8E2BE72A5E000AD076 /* Release */ = {
			isa = XCBuildConfiguration;
			buildSettings = {
				ALWAYS_SEARCH_USER_PATHS = NO;
				ASSETCATALOG_COMPILER_GENERATE_SWIFT_ASSET_SYMBOL_EXTENSIONS = YES;
				CLANG_ANALYZER_NONNULL = YES;
				CLANG_ANALYZER_NUMBER_OBJECT_CONVERSION = YES_AGGRESSIVE;
				CLANG_CXX_LANGUAGE_STANDARD = "gnu++20";
				CLANG_ENABLE_MODULES = YES;
				CLANG_ENABLE_OBJC_ARC = YES;
				CLANG_ENABLE_OBJC_WEAK = YES;
				CLANG_WARN_BLOCK_CAPTURE_AUTORELEASING = YES;
				CLANG_WARN_BOOL_CONVERSION = YES;
				CLANG_WARN_COMMA = YES;
				CLANG_WARN_CONSTANT_CONVERSION = YES;
				CLANG_WARN_DEPRECATED_OBJC_IMPLEMENTATIONS = YES;
				CLANG_WARN_DIRECT_OBJC_ISA_USAGE = YES_ERROR;
				CLANG_WARN_DOCUMENTATION_COMMENTS = YES;
				CLANG_WARN_EMPTY_BODY = YES;
				CLANG_WARN_ENUM_CONVERSION = YES;
				CLANG_WARN_INFINITE_RECURSION = YES;
				CLANG_WARN_INT_CONVERSION = YES;
				CLANG_WARN_NON_LITERAL_NULL_CONVERSION = YES;
				CLANG_WARN_OBJC_IMPLICIT_RETAIN_SELF = YES;
				CLANG_WARN_OBJC_LITERAL_CONVERSION = YES;
				CLANG_WARN_OBJC_ROOT_CLASS = YES_ERROR;
				CLANG_WARN_QUOTED_INCLUDE_IN_FRAMEWORK_HEADER = YES;
				CLANG_WARN_RANGE_LOOP_ANALYSIS = YES;
				CLANG_WARN_STRICT_PROTOTYPES = YES;
				CLANG_WARN_SUSPICIOUS_MOVE = YES;
				CLANG_WARN_UNGUARDED_AVAILABILITY = YES_AGGRESSIVE;
				CLANG_WARN_UNREACHABLE_CODE = YES;
				CLANG_WARN__DUPLICATE_METHOD_MATCH = YES;
				COPY_PHASE_STRIP = NO;
				DEBUG_INFORMATION_FORMAT = "dwarf-with-dsym";
				ENABLE_NS_ASSERTIONS = NO;
				ENABLE_STRICT_OBJC_MSGSEND = YES;
				ENABLE_USER_SCRIPT_SANDBOXING = YES;
				GCC_C_LANGUAGE_STANDARD = gnu17;
				GCC_NO_COMMON_BLOCKS = YES;
				GCC_WARN_64_TO_32_BIT_CONVERSION = YES;
				GCC_WARN_ABOUT_RETURN_TYPE = YES_ERROR;
				GCC_WARN_UNDECLARED_SELECTOR = YES;
				GCC_WARN_UNINITIALIZED_AUTOS = YES_AGGRESSIVE;
				GCC_WARN_UNUSED_FUNCTION = YES;
				GCC_WARN_UNUSED_VARIABLE = YES;
				IPHONEOS_DEPLOYMENT_TARGET = 17.4;
				LOCALIZATION_PREFERS_STRING_CATALOGS = YES;
				MTL_ENABLE_DEBUG_INFO = NO;
				MTL_FAST_MATH = YES;
				SDKROOT = iphoneos;
				SWIFT_COMPILATION_MODE = wholemodule;
				VALIDATE_PRODUCT = YES;
			};
			name = Release;
		};
/* End XCBuildConfiguration section */

/* Begin XCConfigurationList section */
		175390132BE9CCDD001E089E /* Build configuration list for PBXNativeTarget "toDoApp" */ = {
			isa = XCConfigurationList;
			buildConfigurations = (
				175390142BE9CCDD001E089E /* Debug */,
				175390152BE9CCDD001E089E /* Release */,
			);
			defaultConfigurationIsVisible = 0;
			defaultConfigurationName = Release;
		};
		17977F7C2BE72A5D000AD076 /* Build configuration list for PBXProject "toDoApp" */ = {
			isa = XCConfigurationList;
			buildConfigurations = (
				17977F8D2BE72A5E000AD076 /* Debug */,
				17977F8E2BE72A5E000AD076 /* Release */,
			);
			defaultConfigurationIsVisible = 0;
			defaultConfigurationName = Release;
		};
/* End XCConfigurationList section */
	};
	rootObject = 17977F792BE72A5D000AD076 /* Project object */;
}
