// !$*UTF8*$!
{
	archiveVersion = 1;
	classes = {
	};
	objectVersion = 56;
	objects = {

/* Begin PBXBuildFile section */
		17977F852BE72A5D000AD076 /* toDoAppApp.swift in Sources */ = {isa = PBXBuildFile; fileRef = 17977F842BE72A5D000AD076 /* toDoAppApp.swift */; };
		17977F872BE72A5D000AD076 /* ContentView.swift in Sources */ = {isa = PBXBuildFile; fileRef = 17977F862BE72A5D000AD076 /* ContentView.swift */; };
		17977F892BE72A5E000AD076 /* Assets.xcassets in Resources */ = {isa = PBXBuildFile; fileRef = 17977F882BE72A5E000AD076 /* Assets.xcassets */; };
		17977F8C2BE72A5E000AD076 /* Preview Assets.xcassets in Resources */ = {isa = PBXBuildFile; fileRef = 17977F8B2BE72A5E000AD076 /* Preview Assets.xcassets */; };
		17977F942BE72A72000AD076 /* FirebaseFirestore in Frameworks */ = {isa = PBXBuildFile; productRef = 17977F932BE72A72000AD076 /* FirebaseFirestore */; };
		17977FA12BE72EE1000AD076 /* ToDoListItemsView.swift in Sources */ = {isa = PBXBuildFile; fileRef = 17977FA02BE72EE1000AD076 /* ToDoListItemsView.swift */; };
		17977FA32BE72EF3000AD076 /* NewItemsView.swift in Sources */ = {isa = PBXBuildFile; fileRef = 17977FA22BE72EF3000AD076 /* NewItemsView.swift */; };
		17977FA52BE72F10000AD076 /* ItemView.swift in Sources */ = {isa = PBXBuildFile; fileRef = 17977FA42BE72F10000AD076 /* ItemView.swift */; };
		17977FA72BE73007000AD076 /* ToDoItem.swift in Sources */ = {isa = PBXBuildFile; fileRef = 17977FA62BE73007000AD076 /* ToDoItem.swift */; };
		17977FA92BE73032000AD076 /* ContentViewVM.swift in Sources */ = {isa = PBXBuildFile; fileRef = 17977FA82BE73032000AD076 /* ContentViewVM.swift */; };
		17977FAB2BE73061000AD076 /* ToDoListItemsViewVM.swift in Sources */ = {isa = PBXBuildFile; fileRef = 17977FAA2BE73061000AD076 /* ToDoListItemsViewVM.swift */; };
		17977FAD2BE7307D000AD076 /* NewItemsViewVM.swift in Sources */ = {isa = PBXBuildFile; fileRef = 17977FAC2BE7307D000AD076 /* NewItemsViewVM.swift */; };
		17977FAF2BE730A6000AD076 /* ItemViewVM.swift in Sources */ = {isa = PBXBuildFile; fileRef = 17977FAE2BE730A6000AD076 /* ItemViewVM.swift */; };
/* End PBXBuildFile section */

/* Begin PBXFileReference section */
		17977F812BE72A5D000AD076 /* toDoApp.app */ = {isa = PBXFileReference; explicitFileType = wrapper.application; includeInIndex = 0; path = toDoApp.app; sourceTree = BUILT_PRODUCTS_DIR; };
		17977F842BE72A5D000AD076 /* toDoAppApp.swift */ = {isa = PBXFileReference; lastKnownFileType = sourcecode.swift; path = toDoAppApp.swift; sourceTree = "<group>"; };
		17977F862BE72A5D000AD076 /* ContentView.swift */ = {isa = PBXFileReference; lastKnownFileType = sourcecode.swift; path = ContentView.swift; sourceTree = "<group>"; };
		17977F882BE72A5E000AD076 /* Assets.xcassets */ = {isa = PBXFileReference; lastKnownFileType = folder.assetcatalog; path = Assets.xcassets; sourceTree = "<group>"; };
		17977F8B2BE72A5E000AD076 /* Preview Assets.xcassets */ = {isa = PBXFileReference; lastKnownFileType = folder.assetcatalog; path = "Preview Assets.xcassets"; sourceTree = "<group>"; };
		17977F9B2BE72CE4000AD076 /* GoogleService-Info.plist */ = {isa = PBXFileReference; lastKnownFileType = text.plist.xml; path = "GoogleService-Info.plist"; sourceTree = "<group>"; };
		17977FA02BE72EE1000AD076 /* ToDoListItemsView.swift */ = {isa = PBXFileReference; lastKnownFileType = sourcecode.swift; path = ToDoListItemsView.swift; sourceTree = "<group>"; };
		17977FA22BE72EF3000AD076 /* NewItemsView.swift */ = {isa = PBXFileReference; lastKnownFileType = sourcecode.swift; path = NewItemsView.swift; sourceTree = "<group>"; };
		17977FA42BE72F10000AD076 /* ItemView.swift */ = {isa = PBXFileReference; lastKnownFileType = sourcecode.swift; path = ItemView.swift; sourceTree = "<group>"; };
		17977FA62BE73007000AD076 /* ToDoItem.swift */ = {isa = PBXFileReference; lastKnownFileType = sourcecode.swift; path = ToDoItem.swift; sourceTree = "<group>"; };
		17977FA82BE73032000AD076 /* ContentViewVM.swift */ = {isa = PBXFileReference; lastKnownFileType = sourcecode.swift; path = ContentViewVM.swift; sourceTree = "<group>"; };
		17977FAA2BE73061000AD076 /* ToDoListItemsViewVM.swift */ = {isa = PBXFileReference; lastKnownFileType = sourcecode.swift; path = ToDoListItemsViewVM.swift; sourceTree = "<group>"; };
		17977FAC2BE7307D000AD076 /* NewItemsViewVM.swift */ = {isa = PBXFileReference; lastKnownFileType = sourcecode.swift; path = NewItemsViewVM.swift; sourceTree = "<group>"; };
		17977FAE2BE730A6000AD076 /* ItemViewVM.swift */ = {isa = PBXFileReference; lastKnownFileType = sourcecode.swift; path = ItemViewVM.swift; sourceTree = "<group>"; };
/* End PBXFileReference section */

/* Begin PBXFrameworksBuildPhase section */
		17977F7E2BE72A5D000AD076 /* Frameworks */ = {
			isa = PBXFrameworksBuildPhase;
			buildActionMask = 2147483647;
			files = (
				17977F942BE72A72000AD076 /* FirebaseFirestore in Frameworks */,
			);
			runOnlyForDeploymentPostprocessing = 0;
		};
/* End PBXFrameworksBuildPhase section */

/* Begin PBXGroup section */
		17977F782BE72A5D000AD076 = {
			isa = PBXGroup;
			children = (
				17977F832BE72A5D000AD076 /* toDoApp */,
				17977F822BE72A5D000AD076 /* Products */,
			);
			sourceTree = "<group>";
		};
		17977F822BE72A5D000AD076 /* Products */ = {
			isa = PBXGroup;
			children = (
				17977F812BE72A5D000AD076 /* toDoApp.app */,
			);
			name = Products;
			sourceTree = "<group>";
		};
		17977F832BE72A5D000AD076 /* toDoApp */ = {
			isa = PBXGroup;
			children = (
				17977F9A2BE72CCF000AD076 /* Other */,
				17977F992BE72CCC000AD076 /* Models */,
				17977F982BE72CA7000AD076 /* ViewModels */,
				17977F972BE72C84000AD076 /* Views */,
				17977F8A2BE72A5E000AD076 /* Preview Content */,
			);
			path = toDoApp;
			sourceTree = "<group>";
		};
		17977F8A2BE72A5E000AD076 /* Preview Content */ = {
			isa = PBXGroup;
			children = (
				17977F8B2BE72A5E000AD076 /* Preview Assets.xcassets */,
			);
			path = "Preview Content";
			sourceTree = "<group>";
		};
		17977F972BE72C84000AD076 /* Views */ = {
			isa = PBXGroup;
			children = (
				17977F862BE72A5D000AD076 /* ContentView.swift */,
				17977FA02BE72EE1000AD076 /* ToDoListItemsView.swift */,
				17977FA22BE72EF3000AD076 /* NewItemsView.swift */,
				17977FA42BE72F10000AD076 /* ItemView.swift */,
			);
			path = Views;
			sourceTree = "<group>";
		};
		17977F982BE72CA7000AD076 /* ViewModels */ = {
			isa = PBXGroup;
			children = (
				17977FA82BE73032000AD076 /* ContentViewVM.swift */,
				17977FAA2BE73061000AD076 /* ToDoListItemsViewVM.swift */,
				17977FAC2BE7307D000AD076 /* NewItemsViewVM.swift */,
				17977FAE2BE730A6000AD076 /* ItemViewVM.swift */,
			);
			path = ViewModels;
			sourceTree = "<group>";
		};
		17977F992BE72CCC000AD076 /* Models */ = {
			isa = PBXGroup;
			children = (
				17977FA62BE73007000AD076 /* ToDoItem.swift */,
			);
			path = Models;
			sourceTree = "<group>";
		};
		17977F9A2BE72CCF000AD076 /* Other */ = {
			isa = PBXGroup;
			children = (
				17977F9B2BE72CE4000AD076 /* GoogleService-Info.plist */,
				17977F842BE72A5D000AD076 /* toDoAppApp.swift */,
				17977F882BE72A5E000AD076 /* Assets.xcassets */,
			);
			path = Other;
			sourceTree = "<group>";
		};
/* End PBXGroup section */

/* Begin PBXNativeTarget section */
		17977F802BE72A5D000AD076 /* toDoApp */ = {
			isa = PBXNativeTarget;
			buildConfigurationList = 17977F8F2BE72A5E000AD076 /* Build configuration list for PBXNativeTarget "toDoApp" */;
			buildPhases = (
				17977F7D2BE72A5D000AD076 /* Sources */,
				17977F7E2BE72A5D000AD076 /* Frameworks */,
				17977F7F2BE72A5D000AD076 /* Resources */,
			);
			buildRules = (
			);
			dependencies = (
			);
			name = toDoApp;
			packageProductDependencies = (
				17977F932BE72A72000AD076 /* FirebaseFirestore */,
			);
			productName = toDoApp;
			productReference = 17977F812BE72A5D000AD076 /* toDoApp.app */;
			productType = "com.apple.product-type.application";
		};
/* End PBXNativeTarget section */

/* Begin PBXProject section */
		17977F792BE72A5D000AD076 /* Project object */ = {
			isa = PBXProject;
			attributes = {
				BuildIndependentTargetsInParallel = 1;
				LastSwiftUpdateCheck = 1530;
				LastUpgradeCheck = 1530;
				TargetAttributes = {
					17977F802BE72A5D000AD076 = {
						CreatedOnToolsVersion = 15.3;
					};
				};
			};
			buildConfigurationList = 17977F7C2BE72A5D000AD076 /* Build configuration list for PBXProject "toDoApp" */;
			compatibilityVersion = "Xcode 14.0";
			developmentRegion = en;
			hasScannedForEncodings = 0;
			knownRegions = (
				en,
				Base,
			);
			mainGroup = 17977F782BE72A5D000AD076;
			packageReferences = (
				17977F922BE72A71000AD076 /* XCRemoteSwiftPackageReference "firebase-ios-sdk" */,
			);
			productRefGroup = 17977F822BE72A5D000AD076 /* Products */;
			projectDirPath = "";
			projectRoot = "";
			targets = (
				17977F802BE72A5D000AD076 /* toDoApp */,
			);
		};
/* End PBXProject section */

/* Begin PBXResourcesBuildPhase section */
		17977F7F2BE72A5D000AD076 /* Resources */ = {
			isa = PBXResourcesBuildPhase;
			buildActionMask = 2147483647;
			files = (
				17977F8C2BE72A5E000AD076 /* Preview Assets.xcassets in Resources */,
				17977F892BE72A5E000AD076 /* Assets.xcassets in Resources */,
			);
			runOnlyForDeploymentPostprocessing = 0;
		};
/* End PBXResourcesBuildPhase section */

/* Begin PBXSourcesBuildPhase section */
		17977F7D2BE72A5D000AD076 /* Sources */ = {
			isa = PBXSourcesBuildPhase;
			buildActionMask = 2147483647;
			files = (
				17977FA32BE72EF3000AD076 /* NewItemsView.swift in Sources */,
				17977F872BE72A5D000AD076 /* ContentView.swift in Sources */,
				17977FAF2BE730A6000AD076 /* ItemViewVM.swift in Sources */,
				17977FA72BE73007000AD076 /* ToDoItem.swift in Sources */,
				17977FA12BE72EE1000AD076 /* ToDoListItemsView.swift in Sources */,
				17977FAD2BE7307D000AD076 /* NewItemsViewVM.swift in Sources */,
				17977FA92BE73032000AD076 /* ContentViewVM.swift in Sources */,
				17977FA52BE72F10000AD076 /* ItemView.swift in Sources */,
				17977FAB2BE73061000AD076 /* ToDoListItemsViewVM.swift in Sources */,
				17977F852BE72A5D000AD076 /* toDoAppApp.swift in Sources */,
			);
			runOnlyForDeploymentPostprocessing = 0;
		};
/* End PBXSourcesBuildPhase section */

/* Begin XCBuildConfiguration section */
		17977F8D2BE72A5E000AD076 /* Debug */ = {
			isa = XCBuildConfiguration;
			buildSettings = {
				ALWAYS_SEARCH_USER_PATHS = NO;
				ASSETCATALOG_COMPILER_GENERATE_SWIFT_ASSET_SYMBOL_EXTENSIONS = YES;
				CLANG_ANALYZER_NONNULL = YES;
				CLANG_ANALYZER_NUMBER_OBJECT_CONVERSION = YES_AGGRESSIVE;
				CLANG_CXX_LANGUAGE_STANDARD = "gnu++20";
				CLANG_ENABLE_MODULES = YES;
				CLANG_ENABLE_OBJC_ARC = YES;
				CLANG_ENABLE_OBJC_WEAK = YES;
				CLANG_WARN_BLOCK_CAPTURE_AUTORELEASING = YES;
				CLANG_WARN_BOOL_CONVERSION = YES;
				CLANG_WARN_COMMA = YES;
				CLANG_WARN_CONSTANT_CONVERSION = YES;
				CLANG_WARN_DEPRECATED_OBJC_IMPLEMENTATIONS = YES;
				CLANG_WARN_DIRECT_OBJC_ISA_USAGE = YES_ERROR;
				CLANG_WARN_DOCUMENTATION_COMMENTS = YES;
				CLANG_WARN_EMPTY_BODY = YES;
				CLANG_WARN_ENUM_CONVERSION = YES;
				CLANG_WARN_INFINITE_RECURSION = YES;
				CLANG_WARN_INT_CONVERSION = YES;
				CLANG_WARN_NON_LITERAL_NULL_CONVERSION = YES;
				CLANG_WARN_OBJC_IMPLICIT_RETAIN_SELF = YES;
				CLANG_WARN_OBJC_LITERAL_CONVERSION = YES;
				CLANG_WARN_OBJC_ROOT_CLASS = YES_ERROR;
				CLANG_WARN_QUOTED_INCLUDE_IN_FRAMEWORK_HEADER = YES;
				CLANG_WARN_RANGE_LOOP_ANALYSIS = YES;
				CLANG_WARN_STRICT_PROTOTYPES = YES;
				CLANG_WARN_SUSPICIOUS_MOVE = YES;
				CLANG_WARN_UNGUARDED_AVAILABILITY = YES_AGGRESSIVE;
				CLANG_WARN_UNREACHABLE_CODE = YES;
				CLANG_WARN__DUPLICATE_METHOD_MATCH = YES;
				COPY_PHASE_STRIP = NO;
				DEBUG_INFORMATION_FORMAT = dwarf;
				ENABLE_STRICT_OBJC_MSGSEND = YES;
				ENABLE_TESTABILITY = YES;
				ENABLE_USER_SCRIPT_SANDBOXING = YES;
				GCC_C_LANGUAGE_STANDARD = gnu17;
				GCC_DYNAMIC_NO_PIC = NO;
				GCC_NO_COMMON_BLOCKS = YES;
				GCC_OPTIMIZATION_LEVEL = 0;
				GCC_PREPROCESSOR_DEFINITIONS = (
					"DEBUG=1",
					"$(inherited)",
				);
				GCC_WARN_64_TO_32_BIT_CONVERSION = YES;
				GCC_WARN_ABOUT_RETURN_TYPE = YES_ERROR;
				GCC_WARN_UNDECLARED_SELECTOR = YES;
				GCC_WARN_UNINITIALIZED_AUTOS = YES_AGGRESSIVE;
				GCC_WARN_UNUSED_FUNCTION = YES;
				GCC_WARN_UNUSED_VARIABLE = YES;
				IPHONEOS_DEPLOYMENT_TARGET = 17.4;
				LOCALIZATION_PREFERS_STRING_CATALOGS = YES;
				MTL_ENABLE_DEBUG_INFO = INCLUDE_SOURCE;
				MTL_FAST_MATH = YES;
				ONLY_ACTIVE_ARCH = YES;
				SDKROOT = iphoneos;
				SWIFT_ACTIVE_COMPILATION_CONDITIONS = "DEBUG $(inherited)";
				SWIFT_OPTIMIZATION_LEVEL = "-Onone";
			};
			name = Debug;
		};
		17977F8E2BE72A5E000AD076 /* Release */ = {
			isa = XCBuildConfiguration;
			buildSettings = {
				ALWAYS_SEARCH_USER_PATHS = NO;
				ASSETCATALOG_COMPILER_GENERATE_SWIFT_ASSET_SYMBOL_EXTENSIONS = YES;
				CLANG_ANALYZER_NONNULL = YES;
				CLANG_ANALYZER_NUMBER_OBJECT_CONVERSION = YES_AGGRESSIVE;
				CLANG_CXX_LANGUAGE_STANDARD = "gnu++20";
				CLANG_ENABLE_MODULES = YES;
				CLANG_ENABLE_OBJC_ARC = YES;
				CLANG_ENABLE_OBJC_WEAK = YES;
				CLANG_WARN_BLOCK_CAPTURE_AUTORELEASING = YES;
				CLANG_WARN_BOOL_CONVERSION = YES;
				CLANG_WARN_COMMA = YES;
				CLANG_WARN_CONSTANT_CONVERSION = YES;
				CLANG_WARN_DEPRECATED_OBJC_IMPLEMENTATIONS = YES;
				CLANG_WARN_DIRECT_OBJC_ISA_USAGE = YES_ERROR;
				CLANG_WARN_DOCUMENTATION_COMMENTS = YES;
				CLANG_WARN_EMPTY_BODY = YES;
				CLANG_WARN_ENUM_CONVERSION = YES;
				CLANG_WARN_INFINITE_RECURSION = YES;
				CLANG_WARN_INT_CONVERSION = YES;
				CLANG_WARN_NON_LITERAL_NULL_CONVERSION = YES;
				CLANG_WARN_OBJC_IMPLICIT_RETAIN_SELF = YES;
				CLANG_WARN_OBJC_LITERAL_CONVERSION = YES;
				CLANG_WARN_OBJC_ROOT_CLASS = YES_ERROR;
				CLANG_WARN_QUOTED_INCLUDE_IN_FRAMEWORK_HEADER = YES;
				CLANG_WARN_RANGE_LOOP_ANALYSIS = YES;
				CLANG_WARN_STRICT_PROTOTYPES = YES;
				CLANG_WARN_SUSPICIOUS_MOVE = YES;
				CLANG_WARN_UNGUARDED_AVAILABILITY = YES_AGGRESSIVE;
				CLANG_WARN_UNREACHABLE_CODE = YES;
				CLANG_WARN__DUPLICATE_METHOD_MATCH = YES;
				COPY_PHASE_STRIP = NO;
				DEBUG_INFORMATION_FORMAT = "dwarf-with-dsym";
				ENABLE_NS_ASSERTIONS = NO;
				ENABLE_STRICT_OBJC_MSGSEND = YES;
				ENABLE_USER_SCRIPT_SANDBOXING = YES;
				GCC_C_LANGUAGE_STANDARD = gnu17;
				GCC_NO_COMMON_BLOCKS = YES;
				GCC_WARN_64_TO_32_BIT_CONVERSION = YES;
				GCC_WARN_ABOUT_RETURN_TYPE = YES_ERROR;
				GCC_WARN_UNDECLARED_SELECTOR = YES;
				GCC_WARN_UNINITIALIZED_AUTOS = YES_AGGRESSIVE;
				GCC_WARN_UNUSED_FUNCTION = YES;
				GCC_WARN_UNUSED_VARIABLE = YES;
				IPHONEOS_DEPLOYMENT_TARGET = 17.4;
				LOCALIZATION_PREFERS_STRING_CATALOGS = YES;
				MTL_ENABLE_DEBUG_INFO = NO;
				MTL_FAST_MATH = YES;
				SDKROOT = iphoneos;
				SWIFT_COMPILATION_MODE = wholemodule;
				VALIDATE_PRODUCT = YES;
			};
			name = Release;
		};
		17977F902BE72A5E000AD076 /* Debug */ = {
			isa = XCBuildConfiguration;
			buildSettings = {
				ASSETCATALOG_COMPILER_APPICON_NAME = AppIcon;
				ASSETCATALOG_COMPILER_GLOBAL_ACCENT_COLOR_NAME = AccentColor;
				CODE_SIGN_STYLE = Automatic;
				CURRENT_PROJECT_VERSION = 1;
				DEVELOPMENT_ASSET_PATHS = "\"toDoApp/Preview Content\"";
				DEVELOPMENT_TEAM = C7YPC54K5R;
				ENABLE_PREVIEWS = YES;
				GENERATE_INFOPLIST_FILE = YES;
				INFOPLIST_KEY_UIApplicationSceneManifest_Generation = YES;
				INFOPLIST_KEY_UIApplicationSupportsIndirectInputEvents = YES;
				INFOPLIST_KEY_UILaunchScreen_Generation = YES;
				INFOPLIST_KEY_UISupportedInterfaceOrientations = UIInterfaceOrientationPortrait;
				LD_RUNPATH_SEARCH_PATHS = (
					"$(inherited)",
					"@executable_path/Frameworks",
				);
				MARKETING_VERSION = 1.0;
				PRODUCT_BUNDLE_IDENTIFIER = ariishaat.toDoApp;
				PRODUCT_NAME = "$(TARGET_NAME)";
				SWIFT_EMIT_LOC_STRINGS = YES;
				SWIFT_VERSION = 5.0;
				TARGETED_DEVICE_FAMILY = "1,2";
			};
			name = Debug;
		};
		17977F912BE72A5E000AD076 /* Release */ = {
			isa = XCBuildConfiguration;
			buildSettings = {
				ASSETCATALOG_COMPILER_APPICON_NAME = AppIcon;
				ASSETCATALOG_COMPILER_GLOBAL_ACCENT_COLOR_NAME = AccentColor;
				CODE_SIGN_STYLE = Automatic;
				CURRENT_PROJECT_VERSION = 1;
				DEVELOPMENT_ASSET_PATHS = "\"toDoApp/Preview Content\"";
				DEVELOPMENT_TEAM = C7YPC54K5R;
				ENABLE_PREVIEWS = YES;
				GENERATE_INFOPLIST_FILE = YES;
				INFOPLIST_KEY_UIApplicationSceneManifest_Generation = YES;
				INFOPLIST_KEY_UIApplicationSupportsIndirectInputEvents = YES;
				INFOPLIST_KEY_UILaunchScreen_Generation = YES;
				INFOPLIST_KEY_UISupportedInterfaceOrientations = UIInterfaceOrientationPortrait;
				LD_RUNPATH_SEARCH_PATHS = (
					"$(inherited)",
					"@executable_path/Frameworks",
				);
				MARKETING_VERSION = 1.0;
				PRODUCT_BUNDLE_IDENTIFIER = ariishaat.toDoApp;
				PRODUCT_NAME = "$(TARGET_NAME)";
				SWIFT_EMIT_LOC_STRINGS = YES;
				SWIFT_VERSION = 5.0;
				TARGETED_DEVICE_FAMILY = "1,2";
			};
			name = Release;
		};
/* End XCBuildConfiguration section */

/* Begin XCConfigurationList section */
		17977F7C2BE72A5D000AD076 /* Build configuration list for PBXProject "toDoApp" */ = {
			isa = XCConfigurationList;
			buildConfigurations = (
				17977F8D2BE72A5E000AD076 /* Debug */,
				17977F8E2BE72A5E000AD076 /* Release */,
			);
			defaultConfigurationIsVisible = 0;
			defaultConfigurationName = Release;
		};
		17977F8F2BE72A5E000AD076 /* Build configuration list for PBXNativeTarget "toDoApp" */ = {
			isa = XCConfigurationList;
			buildConfigurations = (
				17977F902BE72A5E000AD076 /* Debug */,
				17977F912BE72A5E000AD076 /* Release */,
			);
			defaultConfigurationIsVisible = 0;
			defaultConfigurationName = Release;
		};
/* End XCConfigurationList section */

/* Begin XCRemoteSwiftPackageReference section */
		17977F922BE72A71000AD076 /* XCRemoteSwiftPackageReference "firebase-ios-sdk" */ = {
			isa = XCRemoteSwiftPackageReference;
			repositoryURL = "https://github.com/firebase/firebase-ios-sdk";
			requirement = {
				kind = upToNextMajorVersion;
				minimumVersion = 10.25.0;
			};
		};
/* End XCRemoteSwiftPackageReference section */

/* Begin XCSwiftPackageProductDependency section */
		17977F932BE72A72000AD076 /* FirebaseFirestore */ = {
			isa = XCSwiftPackageProductDependency;
			package = 17977F922BE72A71000AD076 /* XCRemoteSwiftPackageReference "firebase-ios-sdk" */;
			productName = FirebaseFirestore;
		};
/* End XCSwiftPackageProductDependency section */
	};
	rootObject = 17977F792BE72A5D000AD076 /* Project object */;
}
